# This file is generated by running "yarn install" inside your project.
# Manual changes might be lost - proceed with caution!

__metadata:
  version: 4
  cacheKey: 7

"import-libs@workspace:packages/import-libs":
  version: 0.0.0-use.local
  resolution: "import-libs@workspace:packages/import-libs"
  dependencies:
    jq: "workspace:packages/jq"
    lds: "workspace:packages/lds"
  languageName: unknown
  linkType: soft

"jq@workspace:packages/jq":
  version: 0.0.0-use.local
  resolution: "jq@workspace:packages/jq"
  dependencies:
    jquery: ^3.6.0
  languageName: unknown
  linkType: soft

"jquery@npm:^3.6.0":
  version: 3.6.0
  resolution: "jquery@npm:3.6.0"
  checksum: a0a819022a1bdff5efa79bbd9d4d7352de5bd32dabe42108e6ec0797238dba36c09c108e0eea2724f5d03acc1b30ee87d76bec80e15b9510106532292ebe6ba4
  languageName: node
  linkType: hard

"lds@workspace:packages/lds":
  version: 0.0.0-use.local
  resolution: "lds@workspace:packages/lds"
  dependencies:
    lodash: ^4.17.21
  languageName: unknown
  linkType: soft

"lodash@npm:^4.17.21":
  version: 4.17.21
  resolution: "lodash@npm:4.17.21"
  checksum: 4983720b9abca930a4a46f18db163d7dad8dd00dbed6db0cc7b499b33b717cce69f80928b27bbb1ff2cbd3b19d251ee90669a8b5ea466072ca81c2ebe91e7468
  languageName: node
  linkType: hard

"yarn2-demo@workspace:.":
  version: 0.0.0-use.local
  resolution: "yarn2-demo@workspace:."
  languageName: unknown
  linkType: soft
