# This file is generated by running "yarn install" inside your project.
# Manual changes might be lost - proceed with caution!

__metadata:
  version: 4
  cacheKey: 7

"jq@workspace:packages/jq":
  version: 0.0.0-use.local
  resolution: "jq@workspace:packages/jq"
  dependencies:
    jquery: ^3.6.0
  languageName: unknown
  linkType: soft

"jquery@npm:^3.6.0":
  version: 3.6.0
  resolution: "jquery@npm:3.6.0"
  checksum: a0a819022a1bdff5efa79bbd9d4d7352de5bd32dabe42108e6ec0797238dba36c09c108e0eea2724f5d03acc1b30ee87d76bec80e15b9510106532292ebe6ba4
  languageName: node
  linkType: hard

"yarn2-demo@workspace:.":
  version: 0.0.0-use.local
  resolution: "yarn2-demo@workspace:."
  languageName: unknown
  linkType: soft
